
Microsoft Visual Studio Solution File, Format Version 12.00
# Visual Studio Version 16
VisualStudioVersion = 25.0.1704.0
MinimumVisualStudioVersion = 10.0.40219.1
Project("{FAE04EC0-301F-11D3-BF4B-00C04F79EFBC}") = "05", "05.csproj", "{7189ECD7-6CE7-4CD6-B5A8-22809F03FFDB}"
EndProject
Global
	GlobalSection(SolutionConfigurationPlatforms) = preSolution
		Debug|Any CPU = Debug|Any CPU
		Release|Any CPU = Release|Any CPU
	EndGlobalSection
	GlobalSection(ProjectConfigurationPlatforms) = postSolution
		{7189ECD7-6CE7-4CD6-B5A8-22809F03FFDB}.Debug|Any CPU.ActiveCfg = Debug|Any CPU
		{7189ECD7-6CE7-4CD6-B5A8-22809F03FFDB}.Debug|Any CPU.Build.0 = Debug|Any CPU
		{7189ECD7-6CE7-4CD6-B5A8-22809F03FFDB}.Release|Any CPU.ActiveCfg = Release|Any CPU
		{7189ECD7-6CE7-4CD6-B5A8-22809F03FFDB}.Release|Any CPU.Build.0 = Release|Any CPU
	EndGlobalSection
	GlobalSection(SolutionProperties) = preSolution
		HideSolutionNode = FALSE
	EndGlobalSection
	GlobalSection(ExtensibilityGlobals) = postSolution
		SolutionGuid = {2E9242EE-470F-44E2-9B30-8B66A0C2A421}
	EndGlobalSection
EndGlobal
